
Microsoft Visual Studio Solution File, Format Version 12.00
# Visual Studio Version 16
VisualStudioVersion = 16.0.29613.14
MinimumVisualStudioVersion = 10.0.40219.1
Project("{FAE04EC0-301F-11D3-BF4B-00C04F79EFBC}") = "Chuck", "Chuck\Chuck.csproj", "{B868786C-2189-4765-A84F-6E930A96CE9D}"
EndProject
Global
	GlobalSection(SolutionConfigurationPlatforms) = preSolution
		Debug|Any CPU = Debug|Any CPU
		Release|Any CPU = Release|Any CPU
	EndGlobalSection
	GlobalSection(ProjectConfigurationPlatforms) = postSolution
		{B868786C-2189-4765-A84F-6E930A96CE9D}.Debug|Any CPU.ActiveCfg = Debug|Any CPU
		{B868786C-2189-4765-A84F-6E930A96CE9D}.Debug|Any CPU.Build.0 = Debug|Any CPU
		{B868786C-2189-4765-A84F-6E930A96CE9D}.Release|Any CPU.ActiveCfg = Release|Any CPU
		{B868786C-2189-4765-A84F-6E930A96CE9D}.Release|Any CPU.Build.0 = Release|Any CPU
	EndGlobalSection
	GlobalSection(SolutionProperties) = preSolution
		HideSolutionNode = FALSE
	EndGlobalSection
	GlobalSection(ExtensibilityGlobals) = postSolution
		SolutionGuid = {9EB290FC-F9FE-4D61-ADBD-3A31E064B4AB}
	EndGlobalSection
EndGlobal
